
Microsoft Visual Studio Solution File, Format Version 12.00
# Visual Studio Version 17
VisualStudioVersion = 17.14.36414.22 d17.14
MinimumVisualStudioVersion = 10.0.40219.1
Project("{FAE04EC0-301F-11D3-BF4B-00C04F79EFBC}") = "BaoCao1", "BaoCao1\BaoCao1.csproj", "{06994727-B1D0-4F09-9638-41AE6DB963E0}"
EndProject
Global
	GlobalSection(SolutionConfigurationPlatforms) = preSolution
		Debug|Any CPU = Debug|Any CPU
		Release|Any CPU = Release|Any CPU
	EndGlobalSection
	GlobalSection(ProjectConfigurationPlatforms) = postSolution
		{06994727-B1D0-4F09-9638-41AE6DB963E0}.Debug|Any CPU.ActiveCfg = Debug|Any CPU
		{06994727-B1D0-4F09-9638-41AE6DB963E0}.Debug|Any CPU.Build.0 = Debug|Any CPU
		{06994727-B1D0-4F09-9638-41AE6DB963E0}.Release|Any CPU.ActiveCfg = Release|Any CPU
		{06994727-B1D0-4F09-9638-41AE6DB963E0}.Release|Any CPU.Build.0 = Release|Any CPU
	EndGlobalSection
	GlobalSection(SolutionProperties) = preSolution
		HideSolutionNode = FALSE
	EndGlobalSection
	GlobalSection(ExtensibilityGlobals) = postSolution
		SolutionGuid = {26712CAA-75D5-43BA-984F-761D652444CD}
	EndGlobalSection
EndGlobal
